
Microsoft Visual Studio Solution File, Format Version 12.00
# Visual Studio 15
VisualStudioVersion = 15.0.26730.12
MinimumVisualStudioVersion = 10.0.40219.1
Project("{FAE04EC0-301F-11D3-BF4B-00C04F79EFBC}") = "BitcoinLib", "src\BitcoinLib\BitcoinLib.csproj", "{A8FC496A-3748-40FD-93ED-29E4F6AF2303}"
EndProject
Global
	GlobalSection(SolutionConfigurationPlatforms) = preSolution
		Debug|Any CPU = Debug|Any CPU
		Release|Any CPU = Release|Any CPU
	EndGlobalSection
	GlobalSection(ProjectConfigurationPlatforms) = postSolution
		{A8FC496A-3748-40FD-93ED-29E4F6AF2303}.Debug|Any CPU.ActiveCfg = Debug|Any CPU
		{A8FC496A-3748-40FD-93ED-29E4F6AF2303}.Debug|Any CPU.Build.0 = Debug|Any CPU
		{A8FC496A-3748-40FD-93ED-29E4F6AF2303}.Release|Any CPU.ActiveCfg = Release|Any CPU
		{A8FC496A-3748-40FD-93ED-29E4F6AF2303}.Release|Any CPU.Build.0 = Release|Any CPU
	EndGlobalSection
	GlobalSection(SolutionProperties) = preSolution
		HideSolutionNode = FALSE
	EndGlobalSection
	GlobalSection(ExtensibilityGlobals) = postSolution
		SolutionGuid = {4408BA72-1103-4627-A879-F3C2E38B8AA1}
	EndGlobalSection
EndGlobal
