
Microsoft Visual Studio Solution File, Format Version 12.00
# Visual Studio 2012
Project("{FAE04EC0-301F-11D3-BF4B-00C04F79EFBC}") = "ConsoleClient", "ConsoleClient\ConsoleClient.csproj", "{56F54485-7B42-4E41-95D3-1998EA614695}"
EndProject
Project("{FAE04EC0-301F-11D3-BF4B-00C04F79EFBC}") = "BitcoinWrapper", "BitcoinWrapper\BitcoinWrapper.csproj", "{B853E315-7103-4CBA-8873-D5202019F267}"
EndProject
Project("{FAE04EC0-301F-11D3-BF4B-00C04F79EFBC}") = "WebClient", "WebClient\WebClient.csproj", "{189067AA-A7D9-4587-BBC0-E6A6AD23E1CF}"
EndProject
Global
	GlobalSection(SolutionConfigurationPlatforms) = preSolution
		Debug|Any CPU = Debug|Any CPU
		Release|Any CPU = Release|Any CPU
	EndGlobalSection
	GlobalSection(ProjectConfigurationPlatforms) = postSolution
		{56F54485-7B42-4E41-95D3-1998EA614695}.Debug|Any CPU.ActiveCfg = Debug|Any CPU
		{56F54485-7B42-4E41-95D3-1998EA614695}.Debug|Any CPU.Build.0 = Debug|Any CPU
		{56F54485-7B42-4E41-95D3-1998EA614695}.Release|Any CPU.ActiveCfg = Release|Any CPU
		{56F54485-7B42-4E41-95D3-1998EA614695}.Release|Any CPU.Build.0 = Release|Any CPU
		{B853E315-7103-4CBA-8873-D5202019F267}.Debug|Any CPU.ActiveCfg = Debug|Any CPU
		{B853E315-7103-4CBA-8873-D5202019F267}.Debug|Any CPU.Build.0 = Debug|Any CPU
		{B853E315-7103-4CBA-8873-D5202019F267}.Release|Any CPU.ActiveCfg = Release|Any CPU
		{B853E315-7103-4CBA-8873-D5202019F267}.Release|Any CPU.Build.0 = Release|Any CPU
		{189067AA-A7D9-4587-BBC0-E6A6AD23E1CF}.Debug|Any CPU.ActiveCfg = Debug|Any CPU
		{189067AA-A7D9-4587-BBC0-E6A6AD23E1CF}.Debug|Any CPU.Build.0 = Debug|Any CPU
		{189067AA-A7D9-4587-BBC0-E6A6AD23E1CF}.Release|Any CPU.ActiveCfg = Release|Any CPU
		{189067AA-A7D9-4587-BBC0-E6A6AD23E1CF}.Release|Any CPU.Build.0 = Release|Any CPU
	EndGlobalSection
	GlobalSection(SolutionProperties) = preSolution
		HideSolutionNode = FALSE
	EndGlobalSection
EndGlobal
