
Microsoft Visual Studio Solution File, Format Version 12.00
# Visual Studio 15
VisualStudioVersion = 15.0.27004.2010
MinimumVisualStudioVersion = 10.0.40219.1
Project("{FAE04EC0-301F-11D3-BF4B-00C04F79EFBC}") = "DemoClient", "..\demo\DemoClient.csproj", "{56F54485-7B42-4E41-95D3-1998EA614695}"
EndProject
Project("{FAE04EC0-301F-11D3-BF4B-00C04F79EFBC}") = "BitcoinLib", "BitcoinLib\BitcoinLib.csproj", "{78E50556-6AA3-47AE-85DC-33028F3F383E}"
EndProject
Global
	GlobalSection(SolutionConfigurationPlatforms) = preSolution
		Debug|Any CPU = Debug|Any CPU
		Release|Any CPU = Release|Any CPU
	EndGlobalSection
	GlobalSection(ProjectConfigurationPlatforms) = postSolution
		{56F54485-7B42-4E41-95D3-1998EA614695}.Debug|Any CPU.ActiveCfg = Debug|Any CPU
		{56F54485-7B42-4E41-95D3-1998EA614695}.Debug|Any CPU.Build.0 = Debug|Any CPU
		{56F54485-7B42-4E41-95D3-1998EA614695}.Release|Any CPU.ActiveCfg = Release|Any CPU
		{56F54485-7B42-4E41-95D3-1998EA614695}.Release|Any CPU.Build.0 = Release|Any CPU
		{78E50556-6AA3-47AE-85DC-33028F3F383E}.Debug|Any CPU.ActiveCfg = Debug|Any CPU
		{78E50556-6AA3-47AE-85DC-33028F3F383E}.Debug|Any CPU.Build.0 = Debug|Any CPU
		{78E50556-6AA3-47AE-85DC-33028F3F383E}.Release|Any CPU.ActiveCfg = Release|Any CPU
		{78E50556-6AA3-47AE-85DC-33028F3F383E}.Release|Any CPU.Build.0 = Release|Any CPU
	EndGlobalSection
	GlobalSection(SolutionProperties) = preSolution
		HideSolutionNode = FALSE
	EndGlobalSection
	GlobalSection(ExtensibilityGlobals) = postSolution
		SolutionGuid = {EB4E4E5B-CF0F-4D6A-A42C-EEC17BA26520}
	EndGlobalSection
EndGlobal
